
Microsoft Visual Studio Solution File, Format Version 12.00
# Visual Studio 15
VisualStudioVersion = 15.0.26430.12
MinimumVisualStudioVersion = 10.0.40219.1
Project("{FAE04EC0-301F-11D3-BF4B-00C04F79EFBC}") = "SimpleLoadTester", "src\SimpleLoadTester.csproj", "{EB450410-4B06-4076-BE60-10FE3827A60C}"
EndProject
Global
	GlobalSection(SolutionConfigurationPlatforms) = preSolution
		Debug|Any CPU = Debug|Any CPU
		Release|Any CPU = Release|Any CPU
	EndGlobalSection
	GlobalSection(ProjectConfigurationPlatforms) = postSolution
		{EB450410-4B06-4076-BE60-10FE3827A60C}.Debug|Any CPU.ActiveCfg = Debug|Any CPU
		{EB450410-4B06-4076-BE60-10FE3827A60C}.Debug|Any CPU.Build.0 = Debug|Any CPU
		{EB450410-4B06-4076-BE60-10FE3827A60C}.Release|Any CPU.ActiveCfg = Release|Any CPU
		{EB450410-4B06-4076-BE60-10FE3827A60C}.Release|Any CPU.Build.0 = Release|Any CPU
	EndGlobalSection
	GlobalSection(SolutionProperties) = preSolution
		HideSolutionNode = FALSE
	EndGlobalSection
EndGlobal
